
Microsoft Visual Studio Solution File, Format Version 12.00
# Visual Studio Version 17
VisualStudioVersion = 17.8.34330.188
MinimumVisualStudioVersion = 10.0.40219.1
Project("{9A19103F-16F7-4668-BE54-9A1E7A4F7556}") = "13.1", "13.1\13.1.csproj", "{EB6BA847-D5D3-4AC4-A5B1-B6819205693F}"
EndProject
Project("{9A19103F-16F7-4668-BE54-9A1E7A4F7556}") = "13.3", "13.3\13.3.csproj", "{265581F7-2B47-458F-AD79-1E5AE44273BE}"
EndProject
Project("{9A19103F-16F7-4668-BE54-9A1E7A4F7556}") = "13.2", "13.2\13.2.csproj", "{5DD7B021-CAE1-47F5-B841-7E58AB8A4896}"
EndProject
Project("{FAE04EC0-301F-11D3-BF4B-00C04F79EFBC}") = "13.4", "..\13.4\13.4\13.4.csproj", "{F65CB08B-CB70-4732-A93F-56563B55C337}"
EndProject
Global
	GlobalSection(SolutionConfigurationPlatforms) = preSolution
		Debug|Any CPU = Debug|Any CPU
		Release|Any CPU = Release|Any CPU
	EndGlobalSection
	GlobalSection(ProjectConfigurationPlatforms) = postSolution
		{EB6BA847-D5D3-4AC4-A5B1-B6819205693F}.Debug|Any CPU.ActiveCfg = Debug|Any CPU
		{EB6BA847-D5D3-4AC4-A5B1-B6819205693F}.Debug|Any CPU.Build.0 = Debug|Any CPU
		{EB6BA847-D5D3-4AC4-A5B1-B6819205693F}.Release|Any CPU.ActiveCfg = Release|Any CPU
		{EB6BA847-D5D3-4AC4-A5B1-B6819205693F}.Release|Any CPU.Build.0 = Release|Any CPU
		{265581F7-2B47-458F-AD79-1E5AE44273BE}.Debug|Any CPU.ActiveCfg = Debug|Any CPU
		{265581F7-2B47-458F-AD79-1E5AE44273BE}.Debug|Any CPU.Build.0 = Debug|Any CPU
		{265581F7-2B47-458F-AD79-1E5AE44273BE}.Release|Any CPU.ActiveCfg = Release|Any CPU
		{265581F7-2B47-458F-AD79-1E5AE44273BE}.Release|Any CPU.Build.0 = Release|Any CPU
		{5DD7B021-CAE1-47F5-B841-7E58AB8A4896}.Debug|Any CPU.ActiveCfg = Debug|Any CPU
		{5DD7B021-CAE1-47F5-B841-7E58AB8A4896}.Debug|Any CPU.Build.0 = Debug|Any CPU
		{5DD7B021-CAE1-47F5-B841-7E58AB8A4896}.Release|Any CPU.ActiveCfg = Release|Any CPU
		{5DD7B021-CAE1-47F5-B841-7E58AB8A4896}.Release|Any CPU.Build.0 = Release|Any CPU
		{F65CB08B-CB70-4732-A93F-56563B55C337}.Debug|Any CPU.ActiveCfg = Debug|Any CPU
		{F65CB08B-CB70-4732-A93F-56563B55C337}.Debug|Any CPU.Build.0 = Debug|Any CPU
		{F65CB08B-CB70-4732-A93F-56563B55C337}.Release|Any CPU.ActiveCfg = Release|Any CPU
		{F65CB08B-CB70-4732-A93F-56563B55C337}.Release|Any CPU.Build.0 = Release|Any CPU
	EndGlobalSection
	GlobalSection(SolutionProperties) = preSolution
		HideSolutionNode = FALSE
	EndGlobalSection
	GlobalSection(ExtensibilityGlobals) = postSolution
		SolutionGuid = {CF585FA0-388E-458D-93D6-15DC6363A654}
	EndGlobalSection
EndGlobal
